<?xml version="1.0" encoding="utf-8"?>
<Project ToolsVersion="4.0" xmlns="http://schemas.microsoft.com/developer/msbuild/2003">
  <ItemGroup>
    <Filter Include="Source Files">
      <UniqueIdentifier>{4FC737F1-C7A5-4376-A066-2A32D752A2FF}</UniqueIdentifier>
      <Extensions>cpp;c;cc;cxx;c++;cppm;ixx;def;odl;idl;hpj;bat;asm;asmx</Extensions>
    </Filter>
    <Filter Include="Header Files">
      <UniqueIdentifier>{93995380-89BD-4b04-88EB-625FBE52EBFB}</UniqueIdentifier>
      <Extensions>h;hh;hpp;hxx;h++;hm;inl;inc;ipp;xsd</Extensions>
    </Filter>
    <Filter Include="Resource Files">
      <UniqueIdentifier>{67DA6AB6-F800-4c08-8B7A-83BB121AAD01}</UniqueIdentifier>
      <Extensions>rc;ico;cur;bmp;dlg;rc2;rct;bin;rgs;gif;jpg;jpeg;jpe;resx;tiff;tif;png;wav;mfcribbon-ms</Extensions>
    </Filter>
  </ItemGroup>
  <ItemGroup>
    <ClCompile Include="source\engine\Camera.cpp">
      <Filter>Source Files</Filter>
    </ClCompile>
    <ClCompile Include="source\engine\main.cpp">
      <Filter>Source Files</Filter>
    </ClCompile>
    <ClCompile Include="source\engine\Shader.cpp">
      <Filter>Source Files</Filter>
    </ClCompile>
    <ClCompile Include="source\engine\Stb.cpp">
      <Filter>Source Files</Filter>
    </ClCompile>
    <ClCompile Include="source\engine\WindowsInput.cpp">
      <Filter>Source Files</Filter>
    </ClCompile>
    <ClCompile Include="source\engine\WindowsWindow.cpp">
      <Filter>Source Files</Filter>
    </ClCompile>
    <ClCompile Include="source\texture\Texture2D.cpp">
      <Filter>Source Files</Filter>
    </ClCompile>
    <ClCompile Include="source\texture\Texture2DArray.cpp">
      <Filter>Source Files</Filter>
    </ClCompile>
    <ClCompile Include="source\texture\TextureCubemap.cpp">
      <Filter>Source Files</Filter>
    </ClCompile>
    <ClCompile Include="source\buffers\EBO.cpp">
      <Filter>Source Files</Filter>
    </ClCompile>
    <ClCompile Include="source\buffers\Framebuffer.cpp">
      <Filter>Source Files</Filter>
    </ClCompile>
    <ClCompile Include="source\buffers\ShadowMap2D.cpp">
      <Filter>Source Files</Filter>
    </ClCompile>
    <ClCompile Include="source\buffers\ShadowMapCube.cpp">
      <Filter>Source Files</Filter>
    </ClCompile>
    <ClCompile Include="source\buffers\VAO.cpp">
      <Filter>Source Files</Filter>
    </ClCompile>
    <ClCompile Include="source\buffers\VBO.cpp">
      <Filter>Source Files</Filter>
    </ClCompile>
    <ClCompile Include="source\engine\Debug.cpp">
      <Filter>Source Files</Filter>
    </ClCompile>
    <ClCompile Include="source\Application.cpp">
      <Filter>Source Files</Filter>
    </ClCompile>
    <ClCompile Include="source\engine\Engine.cpp">
      <Filter>Source Files</Filter>
    </ClCompile>
    <ClCompile Include="extern\include\glad.c">
      <Filter>Source Files</Filter>
    </ClCompile>
    <ClCompile Include="source\ScreenQuad.cpp">
      <Filter>Source Files</Filter>
    </ClCompile>
    <ClCompile Include="source\texture\Texture1D.cpp">
      <Filter>Source Files</Filter>
    </ClCompile>
    <ClCompile Include="extern\include\imgui\imgui_demo.cpp">
      <Filter>Source Files</Filter>
    </ClCompile>
    <ClCompile Include="extern\include\imgui\imgui_draw.cpp">
      <Filter>Source Files</Filter>
    </ClCompile>
    <ClCompile Include="extern\include\imgui\imgui_widgets.cpp">
      <Filter>Source Files</Filter>
    </ClCompile>
    <ClCompile Include="extern\include\imgui\imgui_tables.cpp">
      <Filter>Source Files</Filter>
    </ClCompile>
    <ClCompile Include="extern\include\imgui\imgui.cpp">
      <Filter>Source Files</Filter>
    </ClCompile>
    <ClCompile Include="extern\include\imgui\imgui_impl_glfw.cpp">
      <Filter>Source Files</Filter>
    </ClCompile>
    <ClCompile Include="extern\include\imgui\imgui_impl_opengl3.cpp">
      <Filter>Source Files</Filter>
    </ClCompile>
    <ClCompile Include="source\GPUAllocator.cpp">
      <Filter>Source Files</Filter>
    </ClCompile>
    <ClCompile Include="source\Tlas.cpp">
      <Filter>Source Files</Filter>
    </ClCompile>
    <ClCompile Include="extern\include\imgui\imgui_stdlib.cpp">
      <Filter>Source Files</Filter>
    </ClCompile>
    <ClCompile Include="source\VoxelWorld.cpp">
      <Filter>Source Files</Filter>
    </ClCompile>
    <ClCompile Include="source\GBuffer.cpp">
      <Filter>Source Files</Filter>
    </ClCompile>
    <ClCompile Include="source\SVGF.cpp">
      <Filter>Source Files</Filter>
    </ClCompile>
    <ClCompile Include="source\CatmullRom.cpp">
      <Filter>Source Files</Filter>
    </ClCompile>
    <ClCompile Include="source\TIPHYS\Arbiter.cpp">
      <Filter>Source Files</Filter>
    </ClCompile>
    <ClCompile Include="source\TIPHYS\Collision.cpp">
      <Filter>Source Files</Filter>
    </ClCompile>
    <ClCompile Include="source\TIPHYS\PhysicsWorld.cpp">
      <Filter>Source Files</Filter>
    </ClCompile>
    <ClCompile Include="source\VoxelVolume.cpp">
      <Filter>Source Files</Filter>
    </ClCompile>
    <ClCompile Include="source\TIPHYS\Body.cpp">
      <Filter>Source Files</Filter>
    </ClCompile>
  </ItemGroup>
  <ItemGroup>
    <ClInclude Include="source\engine\BaseWindow.h">
      <Filter>Header Files</Filter>
    </ClInclude>
    <ClInclude Include="source\engine\Camera.h">
      <Filter>Header Files</Filter>
    </ClInclude>
    <ClInclude Include="source\engine\Engine.h">
      <Filter>Header Files</Filter>
    </ClInclude>
    <ClInclude Include="source\engine\Input.h">
      <Filter>Header Files</Filter>
    </ClInclude>
    <ClInclude Include="source\engine\Shader.h">
      <Filter>Header Files</Filter>
    </ClInclude>
    <ClInclude Include="source\engine\WindowsInput.h">
      <Filter>Header Files</Filter>
    </ClInclude>
    <ClInclude Include="source\engine\WindowsWindow.h">
      <Filter>Header Files</Filter>
    </ClInclude>
    <ClInclude Include="source\texture\Texture2D.h">
      <Filter>Header Files</Filter>
    </ClInclude>
    <ClInclude Include="source\texture\Texture2DArray.h">
      <Filter>Header Files</Filter>
    </ClInclude>
    <ClInclude Include="source\texture\TextureCubemap.h">
      <Filter>Header Files</Filter>
    </ClInclude>
    <ClInclude Include="source\buffers\EBO.h">
      <Filter>Header Files</Filter>
    </ClInclude>
    <ClInclude Include="source\buffers\Framebuffer.h">
      <Filter>Header Files</Filter>
    </ClInclude>
    <ClInclude Include="source\buffers\ShadowMap2D.h">
      <Filter>Header Files</Filter>
    </ClInclude>
    <ClInclude Include="source\buffers\ShadowMapCube.h">
      <Filter>Header Files</Filter>
    </ClInclude>
    <ClInclude Include="source\buffers\VAO.h">
      <Filter>Header Files</Filter>
    </ClInclude>
    <ClInclude Include="source\buffers\VBO.h">
      <Filter>Header Files</Filter>
    </ClInclude>
    <ClInclude Include="source\engine\Debug.h">
      <Filter>Header Files</Filter>
    </ClInclude>
    <ClInclude Include="source\engine\AABB.h">
      <Filter>Header Files</Filter>
    </ClInclude>
    <ClInclude Include="source\Application.h">
      <Filter>Header Files</Filter>
    </ClInclude>
    <ClInclude Include="source\engine\Timer.h">
      <Filter>Header Files</Filter>
    </ClInclude>
    <ClInclude Include="source\ScreenQuad.h">
      <Filter>Header Files</Filter>
    </ClInclude>
    <ClInclude Include="source\texture\Texture1D.h">
      <Filter>Header Files</Filter>
    </ClInclude>
    <ClInclude Include="source\GPUAllocator.h">
      <Filter>Header Files</Filter>
    </ClInclude>
    <ClInclude Include="source\engine\Common.h">
      <Filter>Header Files</Filter>
    </ClInclude>
    <ClInclude Include="source\Voxel.h">
      <Filter>Header Files</Filter>
    </ClInclude>
    <ClInclude Include="source\MagicaParser.h">
      <Filter>Header Files</Filter>
    </ClInclude>
    <ClInclude Include="source\Tlas.h">
      <Filter>Header Files</Filter>
    </ClInclude>
    <ClInclude Include="source\VoxelVolume.h">
      <Filter>Header Files</Filter>
    </ClInclude>
    <ClInclude Include="source\Light.h">
      <Filter>Header Files</Filter>
    </ClInclude>
    <ClInclude Include="source\VoxelWorld.h">
      <Filter>Header Files</Filter>
    </ClInclude>
    <ClInclude Include="source\GBuffer.h">
      <Filter>Header Files</Filter>
    </ClInclude>
    <ClInclude Include="source\SVGF.h">
      <Filter>Header Files</Filter>
    </ClInclude>
    <ClInclude Include="source\Sphere.h">
      <Filter>Header Files</Filter>
    </ClInclude>
    <ClInclude Include="source\Material.h">
      <Filter>Header Files</Filter>
    </ClInclude>
    <ClInclude Include="source\CatmullRom.h">
      <Filter>Header Files</Filter>
    </ClInclude>
    <ClInclude Include="source\Scene.h">
      <Filter>Header Files</Filter>
    </ClInclude>
    <ClInclude Include="source\TIPHYS\Arbiter.h">
      <Filter>Header Files</Filter>
    </ClInclude>
    <ClInclude Include="source\TIPHYS\Body.h">
      <Filter>Header Files</Filter>
    </ClInclude>
    <ClInclude Include="source\TIPHYS\PhysicsWorld.h">
      <Filter>Header Files</Filter>
    </ClInclude>
  </ItemGroup>
</Project>